
Microsoft Visual Studio Solution File, Format Version 12.00
# Visual Studio 15
Project("{FAE04EC0-301F-11D3-BF4B-00C04F79EFBC}") = "Assembly-CSharp", "Assembly-CSharp.csproj", "{AB8320A5-97A9-11BB-AF42-0162C84CDC13}"
EndProject
Project("{FAE04EC0-301F-11D3-BF4B-00C04F79EFBC}") = "Assembly-CSharp-Editor", "Assembly-CSharp-Editor.csproj", "{C8162677-CEF5-026B-51FF-4EA624666DED}"
EndProject
Global
	GlobalSection(SolutionConfigurationPlatforms) = preSolution
		Debug|Any CPU = Debug|Any CPU
		Release|Any CPU = Release|Any CPU
	EndGlobalSection
	GlobalSection(ProjectConfigurationPlatforms) = postSolution
		{AB8320A5-97A9-11BB-AF42-0162C84CDC13}.Debug|Any CPU.ActiveCfg = Debug|Any CPU
		{AB8320A5-97A9-11BB-AF42-0162C84CDC13}.Debug|Any CPU.Build.0 = Debug|Any CPU
		{AB8320A5-97A9-11BB-AF42-0162C84CDC13}.Release|Any CPU.ActiveCfg = Release|Any CPU
		{AB8320A5-97A9-11BB-AF42-0162C84CDC13}.Release|Any CPU.Build.0 = Release|Any CPU
		{C8162677-CEF5-026B-51FF-4EA624666DED}.Debug|Any CPU.ActiveCfg = Debug|Any CPU
		{C8162677-CEF5-026B-51FF-4EA624666DED}.Debug|Any CPU.Build.0 = Debug|Any CPU
		{C8162677-CEF5-026B-51FF-4EA624666DED}.Release|Any CPU.ActiveCfg = Release|Any CPU
		{C8162677-CEF5-026B-51FF-4EA624666DED}.Release|Any CPU.Build.0 = Release|Any CPU
	EndGlobalSection
	GlobalSection(SolutionProperties) = preSolution
		HideSolutionNode = FALSE
	EndGlobalSection
EndGlobal
